// !$*UTF8*$!
{
	archiveVersion = 1;
	classes = {
	};
	objectVersion = 56;
	objects = {

/* Begin PBXBuildFile section */
		D519BD822BB9900D00C87B2D /* BiometricAuthScreen.swift in Sources */ = {isa = PBXBuildFile; fileRef = D519BD812BB9900D00C87B2D /* BiometricAuthScreen.swift */; };
		D519BD852BBA268A00C87B2D /* SecondLoginScreen.swift in Sources */ = {isa = PBXBuildFile; fileRef = D519BD842BBA268A00C87B2D /* SecondLoginScreen.swift */; };
		D519BD882BBD028F00C87B2D /* GridPaginationView.swift in Sources */ = {isa = PBXBuildFile; fileRef = D519BD872BBD028F00C87B2D /* GridPaginationView.swift */; };
		D5221FA42BC3578000701E19 /* OnboardingDeepLinkHandler.swift in Sources */ = {isa = PBXBuildFile; fileRef = D5221FA32BC3578000701E19 /* OnboardingDeepLinkHandler.swift */; };
		D5221FA82BC4214C00701E19 /* Router in Frameworks */ = {isa = PBXBuildFile; productRef = D5221FA72BC4214C00701E19 /* Router */; };
		D53716302BB7858200B3CF75 /* iOSApp.swift in Sources */ = {isa = PBXBuildFile; fileRef = D537162F2BB7858200B3CF75 /* iOSApp.swift */; };
		D53716322BB7858200B3CF75 /* ContentView.swift in Sources */ = {isa = PBXBuildFile; fileRef = D53716312BB7858200B3CF75 /* ContentView.swift */; };
		D53716342BB7858500B3CF75 /* Assets.xcassets in Resources */ = {isa = PBXBuildFile; fileRef = D53716332BB7858500B3CF75 /* Assets.xcassets */; };
		D53716372BB7858500B3CF75 /* Preview Assets.xcassets in Resources */ = {isa = PBXBuildFile; fileRef = D53716362BB7858500B3CF75 /* Preview Assets.xcassets */; };
		D53716412BB78DB300B3CF75 /* FirstAppIntroScreen.swift in Sources */ = {isa = PBXBuildFile; fileRef = D53716402BB78DB300B3CF75 /* FirstAppIntroScreen.swift */; };
		D53716432BB78EAE00B3CF75 /* FirstAppIntroScreen.xcassets in Resources */ = {isa = PBXBuildFile; fileRef = D53716422BB78EAE00B3CF75 /* FirstAppIntroScreen.xcassets */; };
		D53716482BB8588900B3CF75 /* GlassBGLoginScreen.xcassets in Resources */ = {isa = PBXBuildFile; fileRef = D53716472BB8588900B3CF75 /* GlassBGLoginScreen.xcassets */; };
		D537164A2BB8589B00B3CF75 /* GlassBGLoginScreen.swift in Sources */ = {isa = PBXBuildFile; fileRef = D53716492BB8589B00B3CF75 /* GlassBGLoginScreen.swift */; };
		D54101AC2BC4869300357002 /* NavigationKeys.swift in Sources */ = {isa = PBXBuildFile; fileRef = D54101AB2BC4869300357002 /* NavigationKeys.swift */; };
		D54101AE2BC4D06300357002 /* Logger+Extensions.swift in Sources */ = {isa = PBXBuildFile; fileRef = D54101AD2BC4D06300357002 /* Logger+Extensions.swift */; };
		D55D7B522BC1F3C8002D88F2 /* View+Extension.swift in Sources */ = {isa = PBXBuildFile; fileRef = D55D7B512BC1F3C7002D88F2 /* View+Extension.swift */; };
		D55D7B552BC1F529002D88F2 /* AppDelegate.swift in Sources */ = {isa = PBXBuildFile; fileRef = D55D7B542BC1F529002D88F2 /* AppDelegate.swift */; };
		D55D7B582BC1F5A1002D88F2 /* SceneDelegate.swift in Sources */ = {isa = PBXBuildFile; fileRef = D55D7B572BC1F5A1002D88F2 /* SceneDelegate.swift */; };
		D55D7B602BC204B6002D88F2 /* FirstAppIntroScreenCoordinator.swift in Sources */ = {isa = PBXBuildFile; fileRef = D55D7B5F2BC204B6002D88F2 /* FirstAppIntroScreenCoordinator.swift */; };
		D55D7B622BC20D9F002D88F2 /* GlassBGLoginCoordinator.swift in Sources */ = {isa = PBXBuildFile; fileRef = D55D7B612BC20D9F002D88F2 /* GlassBGLoginCoordinator.swift */; };
		D55D7B642BC20E2D002D88F2 /* BiometricAuthCoordinator.swift in Sources */ = {isa = PBXBuildFile; fileRef = D55D7B632BC20E2D002D88F2 /* BiometricAuthCoordinator.swift */; };
		D55D7B662BC20E86002D88F2 /* LoginKitCoordinator.swift in Sources */ = {isa = PBXBuildFile; fileRef = D55D7B652BC20E86002D88F2 /* LoginKitCoordinator.swift */; };
		D55D7B6B2BC30BA5002D88F2 /* EnterPinView.swift in Sources */ = {isa = PBXBuildFile; fileRef = D55D7B6A2BC30BA5002D88F2 /* EnterPinView.swift */; };
		D55D7B6D2BC30D32002D88F2 /* EnterPinViewCoordinator.swift in Sources */ = {isa = PBXBuildFile; fileRef = D55D7B6C2BC30D32002D88F2 /* EnterPinViewCoordinator.swift */; };
		D55D7B702BC30EAB002D88F2 /* GridPaginationCoordinator.swift in Sources */ = {isa = PBXBuildFile; fileRef = D55D7B6F2BC30EAB002D88F2 /* GridPaginationCoordinator.swift */; };
		D55D7B762BC32A1F002D88F2 /* ForgotPasswordView.swift in Sources */ = {isa = PBXBuildFile; fileRef = D55D7B752BC32A1F002D88F2 /* ForgotPasswordView.swift */; };
		D55D7B782BC32A2B002D88F2 /* VerifyOTPView.swift in Sources */ = {isa = PBXBuildFile; fileRef = D55D7B772BC32A2B002D88F2 /* VerifyOTPView.swift */; };
		D55D7B7A2BC32A38002D88F2 /* ResetPasswordView.swift in Sources */ = {isa = PBXBuildFile; fileRef = D55D7B792BC32A38002D88F2 /* ResetPasswordView.swift */; };
		D55D7B7C2BC32A48002D88F2 /* ForgotPasswordCoordinator.swift in Sources */ = {isa = PBXBuildFile; fileRef = D55D7B7B2BC32A48002D88F2 /* ForgotPasswordCoordinator.swift */; };
		D55D7B7E2BC32A56002D88F2 /* VerifyOTPCoordinator.swift in Sources */ = {isa = PBXBuildFile; fileRef = D55D7B7D2BC32A56002D88F2 /* VerifyOTPCoordinator.swift */; };
		D55D7B802BC32A67002D88F2 /* ResetPasswordCoordinator.swift in Sources */ = {isa = PBXBuildFile; fileRef = D55D7B7F2BC32A67002D88F2 /* ResetPasswordCoordinator.swift */; };
		D55D7B822BC32BFF002D88F2 /* Binding+Extensions.swift in Sources */ = {isa = PBXBuildFile; fileRef = D55D7B812BC32BFE002D88F2 /* Binding+Extensions.swift */; };
/* End PBXBuildFile section */

/* Begin PBXFileReference section */
		D519BD812BB9900D00C87B2D /* BiometricAuthScreen.swift */ = {isa = PBXFileReference; lastKnownFileType = sourcecode.swift; path = BiometricAuthScreen.swift; sourceTree = "<group>"; };
		D519BD842BBA268A00C87B2D /* SecondLoginScreen.swift */ = {isa = PBXFileReference; lastKnownFileType = sourcecode.swift; path = SecondLoginScreen.swift; sourceTree = "<group>"; };
		D519BD872BBD028F00C87B2D /* GridPaginationView.swift */ = {isa = PBXFileReference; lastKnownFileType = sourcecode.swift; path = GridPaginationView.swift; sourceTree = "<group>"; };
		D5221FA32BC3578000701E19 /* OnboardingDeepLinkHandler.swift */ = {isa = PBXFileReference; lastKnownFileType = sourcecode.swift; path = OnboardingDeepLinkHandler.swift; sourceTree = "<group>"; };
		D5221FA52BC397FB00701E19 /* Router */ = {isa = PBXFileReference; lastKnownFileType = wrapper; name = Router; path = ../Router; sourceTree = "<group>"; };
		D537162C2BB7858200B3CF75 /* iOS.app */ = {isa = PBXFileReference; explicitFileType = wrapper.application; includeInIndex = 0; path = iOS.app; sourceTree = BUILT_PRODUCTS_DIR; };
		D537162F2BB7858200B3CF75 /* iOSApp.swift */ = {isa = PBXFileReference; lastKnownFileType = sourcecode.swift; path = iOSApp.swift; sourceTree = "<group>"; };
		D53716312BB7858200B3CF75 /* ContentView.swift */ = {isa = PBXFileReference; lastKnownFileType = sourcecode.swift; path = ContentView.swift; sourceTree = "<group>"; };
		D53716332BB7858500B3CF75 /* Assets.xcassets */ = {isa = PBXFileReference; lastKnownFileType = folder.assetcatalog; path = Assets.xcassets; sourceTree = "<group>"; };
		D53716362BB7858500B3CF75 /* Preview Assets.xcassets */ = {isa = PBXFileReference; lastKnownFileType = folder.assetcatalog; path = "Preview Assets.xcassets"; sourceTree = "<group>"; };
		D53716402BB78DB300B3CF75 /* FirstAppIntroScreen.swift */ = {isa = PBXFileReference; lastKnownFileType = sourcecode.swift; path = FirstAppIntroScreen.swift; sourceTree = "<group>"; };
		D53716422BB78EAE00B3CF75 /* FirstAppIntroScreen.xcassets */ = {isa = PBXFileReference; lastKnownFileType = folder.assetcatalog; path = FirstAppIntroScreen.xcassets; sourceTree = "<group>"; };
		D53716472BB8588900B3CF75 /* GlassBGLoginScreen.xcassets */ = {isa = PBXFileReference; lastKnownFileType = folder.assetcatalog; path = GlassBGLoginScreen.xcassets; sourceTree = "<group>"; };
		D53716492BB8589B00B3CF75 /* GlassBGLoginScreen.swift */ = {isa = PBXFileReference; lastKnownFileType = sourcecode.swift; path = GlassBGLoginScreen.swift; sourceTree = "<group>"; };
		D54101AB2BC4869300357002 /* NavigationKeys.swift */ = {isa = PBXFileReference; lastKnownFileType = sourcecode.swift; path = NavigationKeys.swift; sourceTree = "<group>"; };
		D54101AD2BC4D06300357002 /* Logger+Extensions.swift */ = {isa = PBXFileReference; lastKnownFileType = sourcecode.swift; path = "Logger+Extensions.swift"; sourceTree = "<group>"; };
		D55D7B512BC1F3C7002D88F2 /* View+Extension.swift */ = {isa = PBXFileReference; lastKnownFileType = sourcecode.swift; path = "View+Extension.swift"; sourceTree = "<group>"; };
		D55D7B542BC1F529002D88F2 /* AppDelegate.swift */ = {isa = PBXFileReference; lastKnownFileType = sourcecode.swift; path = AppDelegate.swift; sourceTree = "<group>"; };
		D55D7B572BC1F5A1002D88F2 /* SceneDelegate.swift */ = {isa = PBXFileReference; lastKnownFileType = sourcecode.swift; path = SceneDelegate.swift; sourceTree = "<group>"; };
		D55D7B592BC1FAFE002D88F2 /* Info.plist */ = {isa = PBXFileReference; lastKnownFileType = text.plist; path = Info.plist; sourceTree = "<group>"; };
		D55D7B5F2BC204B6002D88F2 /* FirstAppIntroScreenCoordinator.swift */ = {isa = PBXFileReference; lastKnownFileType = sourcecode.swift; path = FirstAppIntroScreenCoordinator.swift; sourceTree = "<group>"; };
		D55D7B612BC20D9F002D88F2 /* GlassBGLoginCoordinator.swift */ = {isa = PBXFileReference; lastKnownFileType = sourcecode.swift; path = GlassBGLoginCoordinator.swift; sourceTree = "<group>"; };
		D55D7B632BC20E2D002D88F2 /* BiometricAuthCoordinator.swift */ = {isa = PBXFileReference; lastKnownFileType = sourcecode.swift; path = BiometricAuthCoordinator.swift; sourceTree = "<group>"; };
		D55D7B652BC20E86002D88F2 /* LoginKitCoordinator.swift */ = {isa = PBXFileReference; lastKnownFileType = sourcecode.swift; path = LoginKitCoordinator.swift; sourceTree = "<group>"; };
		D55D7B6A2BC30BA5002D88F2 /* EnterPinView.swift */ = {isa = PBXFileReference; lastKnownFileType = sourcecode.swift; path = EnterPinView.swift; sourceTree = "<group>"; };
		D55D7B6C2BC30D32002D88F2 /* EnterPinViewCoordinator.swift */ = {isa = PBXFileReference; lastKnownFileType = sourcecode.swift; path = EnterPinViewCoordinator.swift; sourceTree = "<group>"; };
		D55D7B6F2BC30EAB002D88F2 /* GridPaginationCoordinator.swift */ = {isa = PBXFileReference; lastKnownFileType = sourcecode.swift; path = GridPaginationCoordinator.swift; sourceTree = "<group>"; };
		D55D7B752BC32A1F002D88F2 /* ForgotPasswordView.swift */ = {isa = PBXFileReference; lastKnownFileType = sourcecode.swift; path = ForgotPasswordView.swift; sourceTree = "<group>"; };
		D55D7B772BC32A2B002D88F2 /* VerifyOTPView.swift */ = {isa = PBXFileReference; lastKnownFileType = sourcecode.swift; path = VerifyOTPView.swift; sourceTree = "<group>"; };
		D55D7B792BC32A38002D88F2 /* ResetPasswordView.swift */ = {isa = PBXFileReference; lastKnownFileType = sourcecode.swift; path = ResetPasswordView.swift; sourceTree = "<group>"; };
		D55D7B7B2BC32A48002D88F2 /* ForgotPasswordCoordinator.swift */ = {isa = PBXFileReference; lastKnownFileType = sourcecode.swift; path = ForgotPasswordCoordinator.swift; sourceTree = "<group>"; };
		D55D7B7D2BC32A56002D88F2 /* VerifyOTPCoordinator.swift */ = {isa = PBXFileReference; lastKnownFileType = sourcecode.swift; path = VerifyOTPCoordinator.swift; sourceTree = "<group>"; };
		D55D7B7F2BC32A67002D88F2 /* ResetPasswordCoordinator.swift */ = {isa = PBXFileReference; lastKnownFileType = sourcecode.swift; path = ResetPasswordCoordinator.swift; sourceTree = "<group>"; };
		D55D7B812BC32BFE002D88F2 /* Binding+Extensions.swift */ = {isa = PBXFileReference; lastKnownFileType = sourcecode.swift; path = "Binding+Extensions.swift"; sourceTree = "<group>"; };
/* End PBXFileReference section */

/* Begin PBXFrameworksBuildPhase section */
		D53716292BB7858200B3CF75 /* Frameworks */ = {
			isa = PBXFrameworksBuildPhase;
			buildActionMask = 2147483647;
			files = (
				D5221FA82BC4214C00701E19 /* Router in Frameworks */,
			);
			runOnlyForDeploymentPostprocessing = 0;
		};
/* End PBXFrameworksBuildPhase section */

/* Begin PBXGroup section */
		D519BD802BB98FC800C87B2D /* BiometricAuth */ = {
			isa = PBXGroup;
			children = (
				D55D7B692BC30B92002D88F2 /* EnterPinView */,
				D519BD812BB9900D00C87B2D /* BiometricAuthScreen.swift */,
				D55D7B632BC20E2D002D88F2 /* BiometricAuthCoordinator.swift */,
			);
			path = BiometricAuth;
			sourceTree = "<group>";
		};
		D519BD832BBA267100C87B2D /* SecondLoginScreen */ = {
			isa = PBXGroup;
			children = (
				D519BD842BBA268A00C87B2D /* SecondLoginScreen.swift */,
				D55D7B652BC20E86002D88F2 /* LoginKitCoordinator.swift */,
			);
			path = SecondLoginScreen;
			sourceTree = "<group>";
		};
		D519BD862BBD027100C87B2D /* Pagination */ = {
			isa = PBXGroup;
			children = (
				D55D7B6E2BC30E93002D88F2 /* GridPaginationview */,
			);
			path = Pagination;
			sourceTree = "<group>";
		};
		D5221FA22BC3576D00701E19 /* DeepLinkHandler */ = {
			isa = PBXGroup;
			children = (
				D5221FA32BC3578000701E19 /* OnboardingDeepLinkHandler.swift */,
			);
			path = DeepLinkHandler;
			sourceTree = "<group>";
		};
		D5221FA62BC4214C00701E19 /* Frameworks */ = {
			isa = PBXGroup;
			children = (
			);
			name = Frameworks;
			sourceTree = "<group>";
		};
		D53716232BB7858200B3CF75 = {
			isa = PBXGroup;
			children = (
				D5221FA52BC397FB00701E19 /* Router */,
				D537162E2BB7858200B3CF75 /* iOS */,
				D537162D2BB7858200B3CF75 /* Products */,
				D5221FA62BC4214C00701E19 /* Frameworks */,
			);
			sourceTree = "<group>";
		};
		D537162D2BB7858200B3CF75 /* Products */ = {
			isa = PBXGroup;
			children = (
				D537162C2BB7858200B3CF75 /* iOS.app */,
			);
			name = Products;
			sourceTree = "<group>";
		};
		D537162E2BB7858200B3CF75 /* iOS */ = {
			isa = PBXGroup;
			children = (
				D54101AA2BC4867E00357002 /* Constants */,
				D5221FA22BC3576D00701E19 /* DeepLinkHandler */,
				D55D7B592BC1FAFE002D88F2 /* Info.plist */,
				D55D7B502BC1F3A4002D88F2 /* Utilities */,
				D519BD862BBD027100C87B2D /* Pagination */,
				D53716452BB8585F00B3CF75 /* Authentication */,
				D537163E2BB78D7F00B3CF75 /* Application */,
				D537163D2BB78D7700B3CF75 /* Intro */,
				D53716312BB7858200B3CF75 /* ContentView.swift */,
				D53716332BB7858500B3CF75 /* Assets.xcassets */,
				D53716352BB7858500B3CF75 /* Preview Content */,
			);
			path = iOS;
			sourceTree = "<group>";
		};
		D53716352BB7858500B3CF75 /* Preview Content */ = {
			isa = PBXGroup;
			children = (
				D53716362BB7858500B3CF75 /* Preview Assets.xcassets */,
			);
			path = "Preview Content";
			sourceTree = "<group>";
		};
		D537163D2BB78D7700B3CF75 /* Intro */ = {
			isa = PBXGroup;
			children = (
				D53716442BB78F2000B3CF75 /* FirstAppInroScreen */,
			);
			path = Intro;
			sourceTree = "<group>";
		};
		D537163E2BB78D7F00B3CF75 /* Application */ = {
			isa = PBXGroup;
			children = (
				D55D7B562BC1F58B002D88F2 /* AppDelegate */,
				D537162F2BB7858200B3CF75 /* iOSApp.swift */,
			);
			path = Application;
			sourceTree = "<group>";
		};
		D53716442BB78F2000B3CF75 /* FirstAppInroScreen */ = {
			isa = PBXGroup;
			children = (
				D53716402BB78DB300B3CF75 /* FirstAppIntroScreen.swift */,
				D53716422BB78EAE00B3CF75 /* FirstAppIntroScreen.xcassets */,
				D55D7B5F2BC204B6002D88F2 /* FirstAppIntroScreenCoordinator.swift */,
			);
			path = FirstAppInroScreen;
			sourceTree = "<group>";
		};
		D53716452BB8585F00B3CF75 /* Authentication */ = {
			isa = PBXGroup;
			children = (
				D55D7B712BC329DD002D88F2 /* LoginKit */,
				D519BD832BBA267100C87B2D /* SecondLoginScreen */,
				D519BD802BB98FC800C87B2D /* BiometricAuth */,
				D53716462BB8586B00B3CF75 /* FirstLoginScreen */,
			);
			path = Authentication;
			sourceTree = "<group>";
		};
		D53716462BB8586B00B3CF75 /* FirstLoginScreen */ = {
			isa = PBXGroup;
			children = (
				D53716472BB8588900B3CF75 /* GlassBGLoginScreen.xcassets */,
				D53716492BB8589B00B3CF75 /* GlassBGLoginScreen.swift */,
				D55D7B612BC20D9F002D88F2 /* GlassBGLoginCoordinator.swift */,
			);
			path = FirstLoginScreen;
			sourceTree = "<group>";
		};
		D54101AA2BC4867E00357002 /* Constants */ = {
			isa = PBXGroup;
			children = (
				D54101AB2BC4869300357002 /* NavigationKeys.swift */,
			);
			path = Constants;
			sourceTree = "<group>";
		};
		D55D7B502BC1F3A4002D88F2 /* Utilities */ = {
			isa = PBXGroup;
			children = (
				D55D7B512BC1F3C7002D88F2 /* View+Extension.swift */,
				D55D7B812BC32BFE002D88F2 /* Binding+Extensions.swift */,
				D54101AD2BC4D06300357002 /* Logger+Extensions.swift */,
			);
			path = Utilities;
			sourceTree = "<group>";
		};
		D55D7B562BC1F58B002D88F2 /* AppDelegate */ = {
			isa = PBXGroup;
			children = (
				D55D7B542BC1F529002D88F2 /* AppDelegate.swift */,
				D55D7B572BC1F5A1002D88F2 /* SceneDelegate.swift */,
			);
			path = AppDelegate;
			sourceTree = "<group>";
		};
		D55D7B692BC30B92002D88F2 /* EnterPinView */ = {
			isa = PBXGroup;
			children = (
				D55D7B6A2BC30BA5002D88F2 /* EnterPinView.swift */,
				D55D7B6C2BC30D32002D88F2 /* EnterPinViewCoordinator.swift */,
			);
			path = EnterPinView;
			sourceTree = "<group>";
		};
		D55D7B6E2BC30E93002D88F2 /* GridPaginationview */ = {
			isa = PBXGroup;
			children = (
				D519BD872BBD028F00C87B2D /* GridPaginationView.swift */,
				D55D7B6F2BC30EAB002D88F2 /* GridPaginationCoordinator.swift */,
			);
			path = GridPaginationview;
			sourceTree = "<group>";
		};
		D55D7B712BC329DD002D88F2 /* LoginKit */ = {
			isa = PBXGroup;
			children = (
				D55D7B742BC32A02002D88F2 /* ForgotPassword */,
				D55D7B732BC329F7002D88F2 /* VerifyOTP */,
				D55D7B722BC329E5002D88F2 /* ResetPassword */,
			);
			path = LoginKit;
			sourceTree = "<group>";
		};
		D55D7B722BC329E5002D88F2 /* ResetPassword */ = {
			isa = PBXGroup;
			children = (
				D55D7B792BC32A38002D88F2 /* ResetPasswordView.swift */,
				D55D7B7F2BC32A67002D88F2 /* ResetPasswordCoordinator.swift */,
			);
			path = ResetPassword;
			sourceTree = "<group>";
		};
		D55D7B732BC329F7002D88F2 /* VerifyOTP */ = {
			isa = PBXGroup;
			children = (
				D55D7B772BC32A2B002D88F2 /* VerifyOTPView.swift */,
				D55D7B7D2BC32A56002D88F2 /* VerifyOTPCoordinator.swift */,
			);
			path = VerifyOTP;
			sourceTree = "<group>";
		};
		D55D7B742BC32A02002D88F2 /* ForgotPassword */ = {
			isa = PBXGroup;
			children = (
				D55D7B752BC32A1F002D88F2 /* ForgotPasswordView.swift */,
				D55D7B7B2BC32A48002D88F2 /* ForgotPasswordCoordinator.swift */,
			);
			path = ForgotPassword;
			sourceTree = "<group>";
		};
/* End PBXGroup section */

/* Begin PBXNativeTarget section */
		D537162B2BB7858200B3CF75 /* iOS */ = {
			isa = PBXNativeTarget;
			buildConfigurationList = D537163A2BB7858500B3CF75 /* Build configuration list for PBXNativeTarget "iOS" */;
			buildPhases = (
				D53716282BB7858200B3CF75 /* Sources */,
				D53716292BB7858200B3CF75 /* Frameworks */,
				D537162A2BB7858200B3CF75 /* Resources */,
			);
			buildRules = (
			);
			dependencies = (
			);
			name = iOS;
			packageProductDependencies = (
				D5221FA72BC4214C00701E19 /* Router */,
			);
			productName = iOS;
			productReference = D537162C2BB7858200B3CF75 /* iOS.app */;
			productType = "com.apple.product-type.application";
		};
/* End PBXNativeTarget section */

/* Begin PBXProject section */
		D53716242BB7858200B3CF75 /* Project object */ = {
			isa = PBXProject;
			attributes = {
				BuildIndependentTargetsInParallel = 1;
				LastSwiftUpdateCheck = 1500;
				LastUpgradeCheck = 1500;
				TargetAttributes = {
					D537162B2BB7858200B3CF75 = {
						CreatedOnToolsVersion = 15.0;
					};
				};
			};
			buildConfigurationList = D53716272BB7858200B3CF75 /* Build configuration list for PBXProject "iOS" */;
			compatibilityVersion = "Xcode 14.0";
			developmentRegion = en;
			hasScannedForEncodings = 0;
			knownRegions = (
				en,
				Base,
			);
			mainGroup = D53716232BB7858200B3CF75;
			productRefGroup = D537162D2BB7858200B3CF75 /* Products */;
			projectDirPath = "";
			projectRoot = "";
			targets = (
				D537162B2BB7858200B3CF75 /* iOS */,
			);
		};
/* End PBXProject section */

/* Begin PBXResourcesBuildPhase section */
		D537162A2BB7858200B3CF75 /* Resources */ = {
			isa = PBXResourcesBuildPhase;
			buildActionMask = 2147483647;
			files = (
				D53716372BB7858500B3CF75 /* Preview Assets.xcassets in Resources */,
				D53716432BB78EAE00B3CF75 /* FirstAppIntroScreen.xcassets in Resources */,
				D53716482BB8588900B3CF75 /* GlassBGLoginScreen.xcassets in Resources */,
				D53716342BB7858500B3CF75 /* Assets.xcassets in Resources */,
			);
			runOnlyForDeploymentPostprocessing = 0;
		};
/* End PBXResourcesBuildPhase section */

/* Begin PBXSourcesBuildPhase section */
		D53716282BB7858200B3CF75 /* Sources */ = {
			isa = PBXSourcesBuildPhase;
			buildActionMask = 2147483647;
			files = (
				D55D7B662BC20E86002D88F2 /* LoginKitCoordinator.swift in Sources */,
				D55D7B702BC30EAB002D88F2 /* GridPaginationCoordinator.swift in Sources */,
				D55D7B622BC20D9F002D88F2 /* GlassBGLoginCoordinator.swift in Sources */,
				D54101AE2BC4D06300357002 /* Logger+Extensions.swift in Sources */,
				D53716412BB78DB300B3CF75 /* FirstAppIntroScreen.swift in Sources */,
				D519BD882BBD028F00C87B2D /* GridPaginationView.swift in Sources */,
				D55D7B522BC1F3C8002D88F2 /* View+Extension.swift in Sources */,
				D55D7B762BC32A1F002D88F2 /* ForgotPasswordView.swift in Sources */,
				D54101AC2BC4869300357002 /* NavigationKeys.swift in Sources */,
				D55D7B6D2BC30D32002D88F2 /* EnterPinViewCoordinator.swift in Sources */,
				D5221FA42BC3578000701E19 /* OnboardingDeepLinkHandler.swift in Sources */,
				D55D7B552BC1F529002D88F2 /* AppDelegate.swift in Sources */,
				D53716322BB7858200B3CF75 /* ContentView.swift in Sources */,
				D55D7B7C2BC32A48002D88F2 /* ForgotPasswordCoordinator.swift in Sources */,
				D55D7B782BC32A2B002D88F2 /* VerifyOTPView.swift in Sources */,
				D55D7B7A2BC32A38002D88F2 /* ResetPasswordView.swift in Sources */,
				D55D7B6B2BC30BA5002D88F2 /* EnterPinView.swift in Sources */,
				D55D7B802BC32A67002D88F2 /* ResetPasswordCoordinator.swift in Sources */,
				D55D7B582BC1F5A1002D88F2 /* SceneDelegate.swift in Sources */,
				D537164A2BB8589B00B3CF75 /* GlassBGLoginScreen.swift in Sources */,
				D55D7B7E2BC32A56002D88F2 /* VerifyOTPCoordinator.swift in Sources */,
				D55D7B602BC204B6002D88F2 /* FirstAppIntroScreenCoordinator.swift in Sources */,
				D55D7B822BC32BFF002D88F2 /* Binding+Extensions.swift in Sources */,
				D519BD822BB9900D00C87B2D /* BiometricAuthScreen.swift in Sources */,
				D53716302BB7858200B3CF75 /* iOSApp.swift in Sources */,
				D519BD852BBA268A00C87B2D /* SecondLoginScreen.swift in Sources */,
				D55D7B642BC20E2D002D88F2 /* BiometricAuthCoordinator.swift in Sources */,
			);
			runOnlyForDeploymentPostprocessing = 0;
		};
/* End PBXSourcesBuildPhase section */

/* Begin XCBuildConfiguration section */
		D53716382BB7858500B3CF75 /* Debug */ = {
			isa = XCBuildConfiguration;
			buildSettings = {
				ALWAYS_SEARCH_USER_PATHS = NO;
				ASSETCATALOG_COMPILER_GENERATE_SWIFT_ASSET_SYMBOL_EXTENSIONS = YES;
				CLANG_ANALYZER_NONNULL = YES;
				CLANG_ANALYZER_NUMBER_OBJECT_CONVERSION = YES_AGGRESSIVE;
				CLANG_CXX_LANGUAGE_STANDARD = "gnu++20";
				CLANG_ENABLE_MODULES = YES;
				CLANG_ENABLE_OBJC_ARC = YES;
				CLANG_ENABLE_OBJC_WEAK = YES;
				CLANG_WARN_BLOCK_CAPTURE_AUTORELEASING = YES;
				CLANG_WARN_BOOL_CONVERSION = YES;
				CLANG_WARN_COMMA = YES;
				CLANG_WARN_CONSTANT_CONVERSION = YES;
				CLANG_WARN_DEPRECATED_OBJC_IMPLEMENTATIONS = YES;
				CLANG_WARN_DIRECT_OBJC_ISA_USAGE = YES_ERROR;
				CLANG_WARN_DOCUMENTATION_COMMENTS = YES;
				CLANG_WARN_EMPTY_BODY = YES;
				CLANG_WARN_ENUM_CONVERSION = YES;
				CLANG_WARN_INFINITE_RECURSION = YES;
				CLANG_WARN_INT_CONVERSION = YES;
				CLANG_WARN_NON_LITERAL_NULL_CONVERSION = YES;
				CLANG_WARN_OBJC_IMPLICIT_RETAIN_SELF = YES;
				CLANG_WARN_OBJC_LITERAL_CONVERSION = YES;
				CLANG_WARN_OBJC_ROOT_CLASS = YES_ERROR;
				CLANG_WARN_QUOTED_INCLUDE_IN_FRAMEWORK_HEADER = YES;
				CLANG_WARN_RANGE_LOOP_ANALYSIS = YES;
				CLANG_WARN_STRICT_PROTOTYPES = YES;
				CLANG_WARN_SUSPICIOUS_MOVE = YES;
				CLANG_WARN_UNGUARDED_AVAILABILITY = YES_AGGRESSIVE;
				CLANG_WARN_UNREACHABLE_CODE = YES;
				CLANG_WARN__DUPLICATE_METHOD_MATCH = YES;
				COPY_PHASE_STRIP = NO;
				DEBUG_INFORMATION_FORMAT = dwarf;
				ENABLE_STRICT_OBJC_MSGSEND = YES;
				ENABLE_TESTABILITY = YES;
				ENABLE_USER_SCRIPT_SANDBOXING = YES;
				GCC_C_LANGUAGE_STANDARD = gnu17;
				GCC_DYNAMIC_NO_PIC = NO;
				GCC_NO_COMMON_BLOCKS = YES;
				GCC_OPTIMIZATION_LEVEL = 0;
				GCC_PREPROCESSOR_DEFINITIONS = (
					"DEBUG=1",
					"$(inherited)",
				);
				GCC_WARN_64_TO_32_BIT_CONVERSION = YES;
				GCC_WARN_ABOUT_RETURN_TYPE = YES_ERROR;
				GCC_WARN_UNDECLARED_SELECTOR = YES;
				GCC_WARN_UNINITIALIZED_AUTOS = YES_AGGRESSIVE;
				GCC_WARN_UNUSED_FUNCTION = YES;
				GCC_WARN_UNUSED_VARIABLE = YES;
				IPHONEOS_DEPLOYMENT_TARGET = 17.0;
				LOCALIZATION_PREFERS_STRING_CATALOGS = YES;
				MTL_ENABLE_DEBUG_INFO = INCLUDE_SOURCE;
				MTL_FAST_MATH = YES;
				ONLY_ACTIVE_ARCH = YES;
				SDKROOT = iphoneos;
				SWIFT_ACTIVE_COMPILATION_CONDITIONS = "DEBUG $(inherited)";
				SWIFT_OPTIMIZATION_LEVEL = "-Onone";
			};
			name = Debug;
		};
		D53716392BB7858500B3CF75 /* Release */ = {
			isa = XCBuildConfiguration;
			buildSettings = {
				ALWAYS_SEARCH_USER_PATHS = NO;
				ASSETCATALOG_COMPILER_GENERATE_SWIFT_ASSET_SYMBOL_EXTENSIONS = YES;
				CLANG_ANALYZER_NONNULL = YES;
				CLANG_ANALYZER_NUMBER_OBJECT_CONVERSION = YES_AGGRESSIVE;
				CLANG_CXX_LANGUAGE_STANDARD = "gnu++20";
				CLANG_ENABLE_MODULES = YES;
				CLANG_ENABLE_OBJC_ARC = YES;
				CLANG_ENABLE_OBJC_WEAK = YES;
				CLANG_WARN_BLOCK_CAPTURE_AUTORELEASING = YES;
				CLANG_WARN_BOOL_CONVERSION = YES;
				CLANG_WARN_COMMA = YES;
				CLANG_WARN_CONSTANT_CONVERSION = YES;
				CLANG_WARN_DEPRECATED_OBJC_IMPLEMENTATIONS = YES;
				CLANG_WARN_DIRECT_OBJC_ISA_USAGE = YES_ERROR;
				CLANG_WARN_DOCUMENTATION_COMMENTS = YES;
				CLANG_WARN_EMPTY_BODY = YES;
				CLANG_WARN_ENUM_CONVERSION = YES;
				CLANG_WARN_INFINITE_RECURSION = YES;
				CLANG_WARN_INT_CONVERSION = YES;
				CLANG_WARN_NON_LITERAL_NULL_CONVERSION = YES;
				CLANG_WARN_OBJC_IMPLICIT_RETAIN_SELF = YES;
				CLANG_WARN_OBJC_LITERAL_CONVERSION = YES;
				CLANG_WARN_OBJC_ROOT_CLASS = YES_ERROR;
				CLANG_WARN_QUOTED_INCLUDE_IN_FRAMEWORK_HEADER = YES;
				CLANG_WARN_RANGE_LOOP_ANALYSIS = YES;
				CLANG_WARN_STRICT_PROTOTYPES = YES;
				CLANG_WARN_SUSPICIOUS_MOVE = YES;
				CLANG_WARN_UNGUARDED_AVAILABILITY = YES_AGGRESSIVE;
				CLANG_WARN_UNREACHABLE_CODE = YES;
				CLANG_WARN__DUPLICATE_METHOD_MATCH = YES;
				COPY_PHASE_STRIP = NO;
				DEBUG_INFORMATION_FORMAT = "dwarf-with-dsym";
				ENABLE_NS_ASSERTIONS = NO;
				ENABLE_STRICT_OBJC_MSGSEND = YES;
				ENABLE_USER_SCRIPT_SANDBOXING = YES;
				GCC_C_LANGUAGE_STANDARD = gnu17;
				GCC_NO_COMMON_BLOCKS = YES;
				GCC_WARN_64_TO_32_BIT_CONVERSION = YES;
				GCC_WARN_ABOUT_RETURN_TYPE = YES_ERROR;
				GCC_WARN_UNDECLARED_SELECTOR = YES;
				GCC_WARN_UNINITIALIZED_AUTOS = YES_AGGRESSIVE;
				GCC_WARN_UNUSED_FUNCTION = YES;
				GCC_WARN_UNUSED_VARIABLE = YES;
				IPHONEOS_DEPLOYMENT_TARGET = 17.0;
				LOCALIZATION_PREFERS_STRING_CATALOGS = YES;
				MTL_ENABLE_DEBUG_INFO = NO;
				MTL_FAST_MATH = YES;
				SDKROOT = iphoneos;
				SWIFT_COMPILATION_MODE = wholemodule;
				VALIDATE_PRODUCT = YES;
			};
			name = Release;
		};
		D537163B2BB7858500B3CF75 /* Debug */ = {
			isa = XCBuildConfiguration;
			buildSettings = {
				ASSETCATALOG_COMPILER_APPICON_NAME = AppIcon;
				ASSETCATALOG_COMPILER_GLOBAL_ACCENT_COLOR_NAME = AccentColor;
				CODE_SIGN_STYLE = Automatic;
				CURRENT_PROJECT_VERSION = 1;
				DEVELOPMENT_ASSET_PATHS = "\"iOS/Preview Content\"";
				DEVELOPMENT_TEAM = FY7LB4LG7Y;
				ENABLE_PREVIEWS = YES;
				GENERATE_INFOPLIST_FILE = YES;
				INFOPLIST_FILE = iOS/Info.plist;
				INFOPLIST_KEY_UIApplicationSupportsIndirectInputEvents = YES;
				INFOPLIST_KEY_UILaunchScreen_Generation = YES;
				INFOPLIST_KEY_UISupportedInterfaceOrientations_iPad = "UIInterfaceOrientationPortrait UIInterfaceOrientationPortraitUpsideDown UIInterfaceOrientationLandscapeLeft UIInterfaceOrientationLandscapeRight";
				INFOPLIST_KEY_UISupportedInterfaceOrientations_iPhone = "UIInterfaceOrientationPortrait UIInterfaceOrientationLandscapeLeft UIInterfaceOrientationLandscapeRight";
				INFOPLIST_KEY_UIUserInterfaceStyle = Dark;
				LD_RUNPATH_SEARCH_PATHS = (
					"$(inherited)",
					"@executable_path/Frameworks",
				);
				MARKETING_VERSION = 1.0;
				PRODUCT_BUNDLE_IDENTIFIER = com.abhilash.iOS;
				PRODUCT_NAME = "$(TARGET_NAME)";
				SWIFT_EMIT_LOC_STRINGS = YES;
				SWIFT_VERSION = 5.0;
				TARGETED_DEVICE_FAMILY = "1,2";
			};
			name = Debug;
		};
		D537163C2BB7858500B3CF75 /* Release */ = {
			isa = XCBuildConfiguration;
			buildSettings = {
				ASSETCATALOG_COMPILER_APPICON_NAME = AppIcon;
				ASSETCATALOG_COMPILER_GLOBAL_ACCENT_COLOR_NAME = AccentColor;
				CODE_SIGN_STYLE = Automatic;
				CURRENT_PROJECT_VERSION = 1;
				DEVELOPMENT_ASSET_PATHS = "\"iOS/Preview Content\"";
				DEVELOPMENT_TEAM = FY7LB4LG7Y;
				ENABLE_PREVIEWS = YES;
				GENERATE_INFOPLIST_FILE = YES;
				INFOPLIST_FILE = iOS/Info.plist;
				INFOPLIST_KEY_UIApplicationSupportsIndirectInputEvents = YES;
				INFOPLIST_KEY_UILaunchScreen_Generation = YES;
				INFOPLIST_KEY_UISupportedInterfaceOrientations_iPad = "UIInterfaceOrientationPortrait UIInterfaceOrientationPortraitUpsideDown UIInterfaceOrientationLandscapeLeft UIInterfaceOrientationLandscapeRight";
				INFOPLIST_KEY_UISupportedInterfaceOrientations_iPhone = "UIInterfaceOrientationPortrait UIInterfaceOrientationLandscapeLeft UIInterfaceOrientationLandscapeRight";
				INFOPLIST_KEY_UIUserInterfaceStyle = Dark;
				LD_RUNPATH_SEARCH_PATHS = (
					"$(inherited)",
					"@executable_path/Frameworks",
				);
				MARKETING_VERSION = 1.0;
				PRODUCT_BUNDLE_IDENTIFIER = com.abhilash.iOS;
				PRODUCT_NAME = "$(TARGET_NAME)";
				SWIFT_EMIT_LOC_STRINGS = YES;
				SWIFT_VERSION = 5.0;
				TARGETED_DEVICE_FAMILY = "1,2";
			};
			name = Release;
		};
/* End XCBuildConfiguration section */

/* Begin XCConfigurationList section */
		D53716272BB7858200B3CF75 /* Build configuration list for PBXProject "iOS" */ = {
			isa = XCConfigurationList;
			buildConfigurations = (
				D53716382BB7858500B3CF75 /* Debug */,
				D53716392BB7858500B3CF75 /* Release */,
			);
			defaultConfigurationIsVisible = 0;
			defaultConfigurationName = Release;
		};
		D537163A2BB7858500B3CF75 /* Build configuration list for PBXNativeTarget "iOS" */ = {
			isa = XCConfigurationList;
			buildConfigurations = (
				D537163B2BB7858500B3CF75 /* Debug */,
				D537163C2BB7858500B3CF75 /* Release */,
			);
			defaultConfigurationIsVisible = 0;
			defaultConfigurationName = Release;
		};
/* End XCConfigurationList section */

/* Begin XCSwiftPackageProductDependency section */
		D5221FA72BC4214C00701E19 /* Router */ = {
			isa = XCSwiftPackageProductDependency;
			productName = Router;
		};
/* End XCSwiftPackageProductDependency section */
	};
	rootObject = D53716242BB7858200B3CF75 /* Project object */;
}
