// !$*UTF8*$!
{
	archiveVersion = 1;
	classes = {
	};
	objectVersion = 56;
	objects = {

/* Begin PBXBuildFile section */
		D519BD822BB9900D00C87B2D /* BiometricAuthScreen.swift in Sources */ = {isa = PBXBuildFile; fileRef = D519BD812BB9900D00C87B2D /* BiometricAuthScreen.swift */; };
		D519BD852BBA268A00C87B2D /* SecondLoginScreen.swift in Sources */ = {isa = PBXBuildFile; fileRef = D519BD842BBA268A00C87B2D /* SecondLoginScreen.swift */; };
		D519BD882BBD028F00C87B2D /* GridPaginationView.swift in Sources */ = {isa = PBXBuildFile; fileRef = D519BD872BBD028F00C87B2D /* GridPaginationView.swift */; };
		D53716302BB7858200B3CF75 /* iOSApp.swift in Sources */ = {isa = PBXBuildFile; fileRef = D537162F2BB7858200B3CF75 /* iOSApp.swift */; };
		D53716322BB7858200B3CF75 /* ContentView.swift in Sources */ = {isa = PBXBuildFile; fileRef = D53716312BB7858200B3CF75 /* ContentView.swift */; };
		D53716342BB7858500B3CF75 /* Assets.xcassets in Resources */ = {isa = PBXBuildFile; fileRef = D53716332BB7858500B3CF75 /* Assets.xcassets */; };
		D53716372BB7858500B3CF75 /* Preview Assets.xcassets in Resources */ = {isa = PBXBuildFile; fileRef = D53716362BB7858500B3CF75 /* Preview Assets.xcassets */; };
		D53716412BB78DB300B3CF75 /* FirstAppIntroScreen.swift in Sources */ = {isa = PBXBuildFile; fileRef = D53716402BB78DB300B3CF75 /* FirstAppIntroScreen.swift */; };
		D53716432BB78EAE00B3CF75 /* FirstAppIntroScreen.xcassets in Resources */ = {isa = PBXBuildFile; fileRef = D53716422BB78EAE00B3CF75 /* FirstAppIntroScreen.xcassets */; };
		D53716482BB8588900B3CF75 /* FirstLoginScreen.xcassets in Resources */ = {isa = PBXBuildFile; fileRef = D53716472BB8588900B3CF75 /* FirstLoginScreen.xcassets */; };
		D537164A2BB8589B00B3CF75 /* FirstLoginScreen.swift in Sources */ = {isa = PBXBuildFile; fileRef = D53716492BB8589B00B3CF75 /* FirstLoginScreen.swift */; };
		D55D7B522BC1F3C8002D88F2 /* View+Extension.swift in Sources */ = {isa = PBXBuildFile; fileRef = D55D7B512BC1F3C7002D88F2 /* View+Extension.swift */; };
/* End PBXBuildFile section */

/* Begin PBXFileReference section */
		D519BD812BB9900D00C87B2D /* BiometricAuthScreen.swift */ = {isa = PBXFileReference; lastKnownFileType = sourcecode.swift; path = BiometricAuthScreen.swift; sourceTree = "<group>"; };
		D519BD842BBA268A00C87B2D /* SecondLoginScreen.swift */ = {isa = PBXFileReference; lastKnownFileType = sourcecode.swift; path = SecondLoginScreen.swift; sourceTree = "<group>"; };
		D519BD872BBD028F00C87B2D /* GridPaginationView.swift */ = {isa = PBXFileReference; lastKnownFileType = sourcecode.swift; path = GridPaginationView.swift; sourceTree = "<group>"; };
		D537162C2BB7858200B3CF75 /* iOS.app */ = {isa = PBXFileReference; explicitFileType = wrapper.application; includeInIndex = 0; path = iOS.app; sourceTree = BUILT_PRODUCTS_DIR; };
		D537162F2BB7858200B3CF75 /* iOSApp.swift */ = {isa = PBXFileReference; lastKnownFileType = sourcecode.swift; path = iOSApp.swift; sourceTree = "<group>"; };
		D53716312BB7858200B3CF75 /* ContentView.swift */ = {isa = PBXFileReference; lastKnownFileType = sourcecode.swift; path = ContentView.swift; sourceTree = "<group>"; };
		D53716332BB7858500B3CF75 /* Assets.xcassets */ = {isa = PBXFileReference; lastKnownFileType = folder.assetcatalog; path = Assets.xcassets; sourceTree = "<group>"; };
		D53716362BB7858500B3CF75 /* Preview Assets.xcassets */ = {isa = PBXFileReference; lastKnownFileType = folder.assetcatalog; path = "Preview Assets.xcassets"; sourceTree = "<group>"; };
		D53716402BB78DB300B3CF75 /* FirstAppIntroScreen.swift */ = {isa = PBXFileReference; lastKnownFileType = sourcecode.swift; path = FirstAppIntroScreen.swift; sourceTree = "<group>"; };
		D53716422BB78EAE00B3CF75 /* FirstAppIntroScreen.xcassets */ = {isa = PBXFileReference; lastKnownFileType = folder.assetcatalog; path = FirstAppIntroScreen.xcassets; sourceTree = "<group>"; };
		D53716472BB8588900B3CF75 /* FirstLoginScreen.xcassets */ = {isa = PBXFileReference; lastKnownFileType = folder.assetcatalog; path = FirstLoginScreen.xcassets; sourceTree = "<group>"; };
		D53716492BB8589B00B3CF75 /* FirstLoginScreen.swift */ = {isa = PBXFileReference; lastKnownFileType = sourcecode.swift; path = FirstLoginScreen.swift; sourceTree = "<group>"; };
		D55D7B512BC1F3C7002D88F2 /* View+Extension.swift */ = {isa = PBXFileReference; lastKnownFileType = sourcecode.swift; path = "View+Extension.swift"; sourceTree = "<group>"; };
/* End PBXFileReference section */

/* Begin PBXFrameworksBuildPhase section */
		D53716292BB7858200B3CF75 /* Frameworks */ = {
			isa = PBXFrameworksBuildPhase;
			buildActionMask = 2147483647;
			files = (
			);
			runOnlyForDeploymentPostprocessing = 0;
		};
/* End PBXFrameworksBuildPhase section */

/* Begin PBXGroup section */
		D519BD802BB98FC800C87B2D /* BiometricAuth */ = {
			isa = PBXGroup;
			children = (
				D519BD812BB9900D00C87B2D /* BiometricAuthScreen.swift */,
			);
			path = BiometricAuth;
			sourceTree = "<group>";
		};
		D519BD832BBA267100C87B2D /* SecondLoginScreen */ = {
			isa = PBXGroup;
			children = (
				D519BD842BBA268A00C87B2D /* SecondLoginScreen.swift */,
			);
			path = SecondLoginScreen;
			sourceTree = "<group>";
		};
		D519BD862BBD027100C87B2D /* Pagination */ = {
			isa = PBXGroup;
			children = (
				D519BD872BBD028F00C87B2D /* GridPaginationView.swift */,
			);
			path = Pagination;
			sourceTree = "<group>";
		};
		D53716232BB7858200B3CF75 = {
			isa = PBXGroup;
			children = (
				D537162E2BB7858200B3CF75 /* iOS */,
				D537162D2BB7858200B3CF75 /* Products */,
			);
			sourceTree = "<group>";
		};
		D537162D2BB7858200B3CF75 /* Products */ = {
			isa = PBXGroup;
			children = (
				D537162C2BB7858200B3CF75 /* iOS.app */,
			);
			name = Products;
			sourceTree = "<group>";
		};
		D537162E2BB7858200B3CF75 /* iOS */ = {
			isa = PBXGroup;
			children = (
				D55D7B502BC1F3A4002D88F2 /* Utilities */,
				D519BD862BBD027100C87B2D /* Pagination */,
				D53716452BB8585F00B3CF75 /* Authentication */,
				D537163E2BB78D7F00B3CF75 /* Application */,
				D537163D2BB78D7700B3CF75 /* Intro */,
				D53716312BB7858200B3CF75 /* ContentView.swift */,
				D53716332BB7858500B3CF75 /* Assets.xcassets */,
				D53716352BB7858500B3CF75 /* Preview Content */,
			);
			path = iOS;
			sourceTree = "<group>";
		};
		D53716352BB7858500B3CF75 /* Preview Content */ = {
			isa = PBXGroup;
			children = (
				D53716362BB7858500B3CF75 /* Preview Assets.xcassets */,
			);
			path = "Preview Content";
			sourceTree = "<group>";
		};
		D537163D2BB78D7700B3CF75 /* Intro */ = {
			isa = PBXGroup;
			children = (
				D53716442BB78F2000B3CF75 /* FirstAppInroScreen */,
			);
			path = Intro;
			sourceTree = "<group>";
		};
		D537163E2BB78D7F00B3CF75 /* Application */ = {
			isa = PBXGroup;
			children = (
				D537162F2BB7858200B3CF75 /* iOSApp.swift */,
			);
			path = Application;
			sourceTree = "<group>";
		};
		D53716442BB78F2000B3CF75 /* FirstAppInroScreen */ = {
			isa = PBXGroup;
			children = (
				D53716402BB78DB300B3CF75 /* FirstAppIntroScreen.swift */,
				D53716422BB78EAE00B3CF75 /* FirstAppIntroScreen.xcassets */,
			);
			path = FirstAppInroScreen;
			sourceTree = "<group>";
		};
		D53716452BB8585F00B3CF75 /* Authentication */ = {
			isa = PBXGroup;
			children = (
				D519BD832BBA267100C87B2D /* SecondLoginScreen */,
				D519BD802BB98FC800C87B2D /* BiometricAuth */,
				D53716462BB8586B00B3CF75 /* FirstLoginScreen */,
			);
			path = Authentication;
			sourceTree = "<group>";
		};
		D53716462BB8586B00B3CF75 /* FirstLoginScreen */ = {
			isa = PBXGroup;
			children = (
				D53716472BB8588900B3CF75 /* FirstLoginScreen.xcassets */,
				D53716492BB8589B00B3CF75 /* FirstLoginScreen.swift */,
			);
			path = FirstLoginScreen;
			sourceTree = "<group>";
		};
		D55D7B502BC1F3A4002D88F2 /* Utilities */ = {
			isa = PBXGroup;
			children = (
				D55D7B512BC1F3C7002D88F2 /* View+Extension.swift */,
			);
			path = Utilities;
			sourceTree = "<group>";
		};
/* End PBXGroup section */

/* Begin PBXNativeTarget section */
		D537162B2BB7858200B3CF75 /* iOS */ = {
			isa = PBXNativeTarget;
			buildConfigurationList = D537163A2BB7858500B3CF75 /* Build configuration list for PBXNativeTarget "iOS" */;
			buildPhases = (
				D53716282BB7858200B3CF75 /* Sources */,
				D53716292BB7858200B3CF75 /* Frameworks */,
				D537162A2BB7858200B3CF75 /* Resources */,
			);
			buildRules = (
			);
			dependencies = (
			);
			name = iOS;
			productName = iOS;
			productReference = D537162C2BB7858200B3CF75 /* iOS.app */;
			productType = "com.apple.product-type.application";
		};
/* End PBXNativeTarget section */

/* Begin PBXProject section */
		D53716242BB7858200B3CF75 /* Project object */ = {
			isa = PBXProject;
			attributes = {
				BuildIndependentTargetsInParallel = 1;
				LastSwiftUpdateCheck = 1500;
				LastUpgradeCheck = 1500;
				TargetAttributes = {
					D537162B2BB7858200B3CF75 = {
						CreatedOnToolsVersion = 15.0;
					};
				};
			};
			buildConfigurationList = D53716272BB7858200B3CF75 /* Build configuration list for PBXProject "iOS" */;
			compatibilityVersion = "Xcode 14.0";
			developmentRegion = en;
			hasScannedForEncodings = 0;
			knownRegions = (
				en,
				Base,
			);
			mainGroup = D53716232BB7858200B3CF75;
			productRefGroup = D537162D2BB7858200B3CF75 /* Products */;
			projectDirPath = "";
			projectRoot = "";
			targets = (
				D537162B2BB7858200B3CF75 /* iOS */,
			);
		};
/* End PBXProject section */

/* Begin PBXResourcesBuildPhase section */
		D537162A2BB7858200B3CF75 /* Resources */ = {
			isa = PBXResourcesBuildPhase;
			buildActionMask = 2147483647;
			files = (
				D53716372BB7858500B3CF75 /* Preview Assets.xcassets in Resources */,
				D53716432BB78EAE00B3CF75 /* FirstAppIntroScreen.xcassets in Resources */,
				D53716482BB8588900B3CF75 /* FirstLoginScreen.xcassets in Resources */,
				D53716342BB7858500B3CF75 /* Assets.xcassets in Resources */,
			);
			runOnlyForDeploymentPostprocessing = 0;
		};
/* End PBXResourcesBuildPhase section */

/* Begin PBXSourcesBuildPhase section */
		D53716282BB7858200B3CF75 /* Sources */ = {
			isa = PBXSourcesBuildPhase;
			buildActionMask = 2147483647;
			files = (
				D53716412BB78DB300B3CF75 /* FirstAppIntroScreen.swift in Sources */,
				D519BD882BBD028F00C87B2D /* GridPaginationView.swift in Sources */,
				D55D7B522BC1F3C8002D88F2 /* View+Extension.swift in Sources */,
				D53716322BB7858200B3CF75 /* ContentView.swift in Sources */,
				D537164A2BB8589B00B3CF75 /* FirstLoginScreen.swift in Sources */,
				D519BD822BB9900D00C87B2D /* BiometricAuthScreen.swift in Sources */,
				D53716302BB7858200B3CF75 /* iOSApp.swift in Sources */,
				D519BD852BBA268A00C87B2D /* SecondLoginScreen.swift in Sources */,
			);
			runOnlyForDeploymentPostprocessing = 0;
		};
/* End PBXSourcesBuildPhase section */

/* Begin XCBuildConfiguration section */
		D53716382BB7858500B3CF75 /* Debug */ = {
			isa = XCBuildConfiguration;
			buildSettings = {
				ALWAYS_SEARCH_USER_PATHS = NO;
				ASSETCATALOG_COMPILER_GENERATE_SWIFT_ASSET_SYMBOL_EXTENSIONS = YES;
				CLANG_ANALYZER_NONNULL = YES;
				CLANG_ANALYZER_NUMBER_OBJECT_CONVERSION = YES_AGGRESSIVE;
				CLANG_CXX_LANGUAGE_STANDARD = "gnu++20";
				CLANG_ENABLE_MODULES = YES;
				CLANG_ENABLE_OBJC_ARC = YES;
				CLANG_ENABLE_OBJC_WEAK = YES;
				CLANG_WARN_BLOCK_CAPTURE_AUTORELEASING = YES;
				CLANG_WARN_BOOL_CONVERSION = YES;
				CLANG_WARN_COMMA = YES;
				CLANG_WARN_CONSTANT_CONVERSION = YES;
				CLANG_WARN_DEPRECATED_OBJC_IMPLEMENTATIONS = YES;
				CLANG_WARN_DIRECT_OBJC_ISA_USAGE = YES_ERROR;
				CLANG_WARN_DOCUMENTATION_COMMENTS = YES;
				CLANG_WARN_EMPTY_BODY = YES;
				CLANG_WARN_ENUM_CONVERSION = YES;
				CLANG_WARN_INFINITE_RECURSION = YES;
				CLANG_WARN_INT_CONVERSION = YES;
				CLANG_WARN_NON_LITERAL_NULL_CONVERSION = YES;
				CLANG_WARN_OBJC_IMPLICIT_RETAIN_SELF = YES;
				CLANG_WARN_OBJC_LITERAL_CONVERSION = YES;
				CLANG_WARN_OBJC_ROOT_CLASS = YES_ERROR;
				CLANG_WARN_QUOTED_INCLUDE_IN_FRAMEWORK_HEADER = YES;
				CLANG_WARN_RANGE_LOOP_ANALYSIS = YES;
				CLANG_WARN_STRICT_PROTOTYPES = YES;
				CLANG_WARN_SUSPICIOUS_MOVE = YES;
				CLANG_WARN_UNGUARDED_AVAILABILITY = YES_AGGRESSIVE;
				CLANG_WARN_UNREACHABLE_CODE = YES;
				CLANG_WARN__DUPLICATE_METHOD_MATCH = YES;
				COPY_PHASE_STRIP = NO;
				DEBUG_INFORMATION_FORMAT = dwarf;
				ENABLE_STRICT_OBJC_MSGSEND = YES;
				ENABLE_TESTABILITY = YES;
				ENABLE_USER_SCRIPT_SANDBOXING = YES;
				GCC_C_LANGUAGE_STANDARD = gnu17;
				GCC_DYNAMIC_NO_PIC = NO;
				GCC_NO_COMMON_BLOCKS = YES;
				GCC_OPTIMIZATION_LEVEL = 0;
				GCC_PREPROCESSOR_DEFINITIONS = (
					"DEBUG=1",
					"$(inherited)",
				);
				GCC_WARN_64_TO_32_BIT_CONVERSION = YES;
				GCC_WARN_ABOUT_RETURN_TYPE = YES_ERROR;
				GCC_WARN_UNDECLARED_SELECTOR = YES;
				GCC_WARN_UNINITIALIZED_AUTOS = YES_AGGRESSIVE;
				GCC_WARN_UNUSED_FUNCTION = YES;
				GCC_WARN_UNUSED_VARIABLE = YES;
				IPHONEOS_DEPLOYMENT_TARGET = 17.0;
				LOCALIZATION_PREFERS_STRING_CATALOGS = YES;
				MTL_ENABLE_DEBUG_INFO = INCLUDE_SOURCE;
				MTL_FAST_MATH = YES;
				ONLY_ACTIVE_ARCH = YES;
				SDKROOT = iphoneos;
				SWIFT_ACTIVE_COMPILATION_CONDITIONS = "DEBUG $(inherited)";
				SWIFT_OPTIMIZATION_LEVEL = "-Onone";
			};
			name = Debug;
		};
		D53716392BB7858500B3CF75 /* Release */ = {
			isa = XCBuildConfiguration;
			buildSettings = {
				ALWAYS_SEARCH_USER_PATHS = NO;
				ASSETCATALOG_COMPILER_GENERATE_SWIFT_ASSET_SYMBOL_EXTENSIONS = YES;
				CLANG_ANALYZER_NONNULL = YES;
				CLANG_ANALYZER_NUMBER_OBJECT_CONVERSION = YES_AGGRESSIVE;
				CLANG_CXX_LANGUAGE_STANDARD = "gnu++20";
				CLANG_ENABLE_MODULES = YES;
				CLANG_ENABLE_OBJC_ARC = YES;
				CLANG_ENABLE_OBJC_WEAK = YES;
				CLANG_WARN_BLOCK_CAPTURE_AUTORELEASING = YES;
				CLANG_WARN_BOOL_CONVERSION = YES;
				CLANG_WARN_COMMA = YES;
				CLANG_WARN_CONSTANT_CONVERSION = YES;
				CLANG_WARN_DEPRECATED_OBJC_IMPLEMENTATIONS = YES;
				CLANG_WARN_DIRECT_OBJC_ISA_USAGE = YES_ERROR;
				CLANG_WARN_DOCUMENTATION_COMMENTS = YES;
				CLANG_WARN_EMPTY_BODY = YES;
				CLANG_WARN_ENUM_CONVERSION = YES;
				CLANG_WARN_INFINITE_RECURSION = YES;
				CLANG_WARN_INT_CONVERSION = YES;
				CLANG_WARN_NON_LITERAL_NULL_CONVERSION = YES;
				CLANG_WARN_OBJC_IMPLICIT_RETAIN_SELF = YES;
				CLANG_WARN_OBJC_LITERAL_CONVERSION = YES;
				CLANG_WARN_OBJC_ROOT_CLASS = YES_ERROR;
				CLANG_WARN_QUOTED_INCLUDE_IN_FRAMEWORK_HEADER = YES;
				CLANG_WARN_RANGE_LOOP_ANALYSIS = YES;
				CLANG_WARN_STRICT_PROTOTYPES = YES;
				CLANG_WARN_SUSPICIOUS_MOVE = YES;
				CLANG_WARN_UNGUARDED_AVAILABILITY = YES_AGGRESSIVE;
				CLANG_WARN_UNREACHABLE_CODE = YES;
				CLANG_WARN__DUPLICATE_METHOD_MATCH = YES;
				COPY_PHASE_STRIP = NO;
				DEBUG_INFORMATION_FORMAT = "dwarf-with-dsym";
				ENABLE_NS_ASSERTIONS = NO;
				ENABLE_STRICT_OBJC_MSGSEND = YES;
				ENABLE_USER_SCRIPT_SANDBOXING = YES;
				GCC_C_LANGUAGE_STANDARD = gnu17;
				GCC_NO_COMMON_BLOCKS = YES;
				GCC_WARN_64_TO_32_BIT_CONVERSION = YES;
				GCC_WARN_ABOUT_RETURN_TYPE = YES_ERROR;
				GCC_WARN_UNDECLARED_SELECTOR = YES;
				GCC_WARN_UNINITIALIZED_AUTOS = YES_AGGRESSIVE;
				GCC_WARN_UNUSED_FUNCTION = YES;
				GCC_WARN_UNUSED_VARIABLE = YES;
				IPHONEOS_DEPLOYMENT_TARGET = 17.0;
				LOCALIZATION_PREFERS_STRING_CATALOGS = YES;
				MTL_ENABLE_DEBUG_INFO = NO;
				MTL_FAST_MATH = YES;
				SDKROOT = iphoneos;
				SWIFT_COMPILATION_MODE = wholemodule;
				VALIDATE_PRODUCT = YES;
			};
			name = Release;
		};
		D537163B2BB7858500B3CF75 /* Debug */ = {
			isa = XCBuildConfiguration;
			buildSettings = {
				ASSETCATALOG_COMPILER_APPICON_NAME = AppIcon;
				ASSETCATALOG_COMPILER_GLOBAL_ACCENT_COLOR_NAME = AccentColor;
				CODE_SIGN_STYLE = Automatic;
				CURRENT_PROJECT_VERSION = 1;
				DEVELOPMENT_ASSET_PATHS = "\"iOS/Preview Content\"";
				DEVELOPMENT_TEAM = ML69X72R93;
				ENABLE_PREVIEWS = YES;
				GENERATE_INFOPLIST_FILE = YES;
				INFOPLIST_KEY_UIApplicationSceneManifest_Generation = YES;
				INFOPLIST_KEY_UIApplicationSupportsIndirectInputEvents = YES;
				INFOPLIST_KEY_UILaunchScreen_Generation = YES;
				INFOPLIST_KEY_UISupportedInterfaceOrientations_iPad = "UIInterfaceOrientationPortrait UIInterfaceOrientationPortraitUpsideDown UIInterfaceOrientationLandscapeLeft UIInterfaceOrientationLandscapeRight";
				INFOPLIST_KEY_UISupportedInterfaceOrientations_iPhone = "UIInterfaceOrientationPortrait UIInterfaceOrientationLandscapeLeft UIInterfaceOrientationLandscapeRight";
				LD_RUNPATH_SEARCH_PATHS = (
					"$(inherited)",
					"@executable_path/Frameworks",
				);
				MARKETING_VERSION = 1.0;
				PRODUCT_BUNDLE_IDENTIFIER = com.abhilash.iOS;
				PRODUCT_NAME = "$(TARGET_NAME)";
				SWIFT_EMIT_LOC_STRINGS = YES;
				SWIFT_VERSION = 5.0;
				TARGETED_DEVICE_FAMILY = "1,2";
			};
			name = Debug;
		};
		D537163C2BB7858500B3CF75 /* Release */ = {
			isa = XCBuildConfiguration;
			buildSettings = {
				ASSETCATALOG_COMPILER_APPICON_NAME = AppIcon;
				ASSETCATALOG_COMPILER_GLOBAL_ACCENT_COLOR_NAME = AccentColor;
				CODE_SIGN_STYLE = Automatic;
				CURRENT_PROJECT_VERSION = 1;
				DEVELOPMENT_ASSET_PATHS = "\"iOS/Preview Content\"";
				DEVELOPMENT_TEAM = ML69X72R93;
				ENABLE_PREVIEWS = YES;
				GENERATE_INFOPLIST_FILE = YES;
				INFOPLIST_KEY_UIApplicationSceneManifest_Generation = YES;
				INFOPLIST_KEY_UIApplicationSupportsIndirectInputEvents = YES;
				INFOPLIST_KEY_UILaunchScreen_Generation = YES;
				INFOPLIST_KEY_UISupportedInterfaceOrientations_iPad = "UIInterfaceOrientationPortrait UIInterfaceOrientationPortraitUpsideDown UIInterfaceOrientationLandscapeLeft UIInterfaceOrientationLandscapeRight";
				INFOPLIST_KEY_UISupportedInterfaceOrientations_iPhone = "UIInterfaceOrientationPortrait UIInterfaceOrientationLandscapeLeft UIInterfaceOrientationLandscapeRight";
				LD_RUNPATH_SEARCH_PATHS = (
					"$(inherited)",
					"@executable_path/Frameworks",
				);
				MARKETING_VERSION = 1.0;
				PRODUCT_BUNDLE_IDENTIFIER = com.abhilash.iOS;
				PRODUCT_NAME = "$(TARGET_NAME)";
				SWIFT_EMIT_LOC_STRINGS = YES;
				SWIFT_VERSION = 5.0;
				TARGETED_DEVICE_FAMILY = "1,2";
			};
			name = Release;
		};
/* End XCBuildConfiguration section */

/* Begin XCConfigurationList section */
		D53716272BB7858200B3CF75 /* Build configuration list for PBXProject "iOS" */ = {
			isa = XCConfigurationList;
			buildConfigurations = (
				D53716382BB7858500B3CF75 /* Debug */,
				D53716392BB7858500B3CF75 /* Release */,
			);
			defaultConfigurationIsVisible = 0;
			defaultConfigurationName = Release;
		};
		D537163A2BB7858500B3CF75 /* Build configuration list for PBXNativeTarget "iOS" */ = {
			isa = XCConfigurationList;
			buildConfigurations = (
				D537163B2BB7858500B3CF75 /* Debug */,
				D537163C2BB7858500B3CF75 /* Release */,
			);
			defaultConfigurationIsVisible = 0;
			defaultConfigurationName = Release;
		};
/* End XCConfigurationList section */
	};
	rootObject = D53716242BB7858200B3CF75 /* Project object */;
}
